# THIS IS AN AUTOGENERATED FILE. DO NOT EDIT THIS FILE DIRECTLY.
# yarn lockfile v1


"@citizenfx/client@2.0.6736-1":
  version "2.0.6736-1"
  resolved "https://registry.yarnpkg.com/@citizenfx/client/-/client-2.0.6736-1.tgz#deb885b65a8e421409e5f81ac005ab068b1f4304"
  integrity sha512-V35LieavXxENiYg+z9frigdbc/OecdkfyStEAeV6rm4KAqArtaFxnTYwfv10ow/puP0/kZAlzlKgRKQIwUBS0Q==

"@citizenfx/server@2.0.6736-1":
  version "2.0.6736-1"
  resolved "https://registry.yarnpkg.com/@citizenfx/server/-/server-2.0.6736-1.tgz#58a6d81ea8dd75554fa0900d4ecb8ee2c8d1bfa7"
  integrity sha512-2pwxqUuI9M5Y5DBlK0vBv68nAjp0VQ5izpPyeCADzk2UnrJOgzwY4VAj5cac1daL9QpyDqSCj9zDPUGIV/HLtw==

"@esbuild/android-arm64@0.19.4":
  version "0.19.4"
  resolved "https://registry.yarnpkg.com/@esbuild/android-arm64/-/android-arm64-0.19.4.tgz#74752a09301b8c6b9a415fbda9fb71406a62a7b7"
  integrity sha512-mRsi2vJsk4Bx/AFsNBqOH2fqedxn5L/moT58xgg51DjX1la64Z3Npicut2VbhvDFO26qjWtPMsVxCd80YTFVeg==

"@esbuild/android-arm@0.19.4":
  version "0.19.4"
  resolved "https://registry.yarnpkg.com/@esbuild/android-arm/-/android-arm-0.19.4.tgz#c27363e1e280e577d9b5c8fa7c7a3be2a8d79bf5"
  integrity sha512-uBIbiYMeSsy2U0XQoOGVVcpIktjLMEKa7ryz2RLr7L/vTnANNEsPVAh4xOv7ondGz6ac1zVb0F8Jx20rQikffQ==

"@esbuild/android-x64@0.19.4":
  version "0.19.4"
  resolved "https://registry.yarnpkg.com/@esbuild/android-x64/-/android-x64-0.19.4.tgz#6c9ee03d1488973d928618100048b75b147e0426"
  integrity sha512-4iPufZ1TMOD3oBlGFqHXBpa3KFT46aLl6Vy7gwed0ZSYgHaZ/mihbYb4t7Z9etjkC9Al3ZYIoOaHrU60gcMy7g==

"@esbuild/darwin-arm64@0.19.4":
  version "0.19.4"
  resolved "https://registry.yarnpkg.com/@esbuild/darwin-arm64/-/darwin-arm64-0.19.4.tgz#64e2ee945e5932cd49812caa80e8896e937e2f8b"
  integrity sha512-Lviw8EzxsVQKpbS+rSt6/6zjn9ashUZ7Tbuvc2YENgRl0yZTktGlachZ9KMJUsVjZEGFVu336kl5lBgDN6PmpA==

"@esbuild/darwin-x64@0.19.4":
  version "0.19.4"
  resolved "https://registry.yarnpkg.com/@esbuild/darwin-x64/-/darwin-x64-0.19.4.tgz#d8e26e1b965df284692e4d1263ba69a49b39ac7a"
  integrity sha512-YHbSFlLgDwglFn0lAO3Zsdrife9jcQXQhgRp77YiTDja23FrC2uwnhXMNkAucthsf+Psr7sTwYEryxz6FPAVqw==

"@esbuild/freebsd-arm64@0.19.4":
  version "0.19.4"
  resolved "https://registry.yarnpkg.com/@esbuild/freebsd-arm64/-/freebsd-arm64-0.19.4.tgz#29751a41b242e0a456d89713b228f1da4f45582f"
  integrity sha512-vz59ijyrTG22Hshaj620e5yhs2dU1WJy723ofc+KUgxVCM6zxQESmWdMuVmUzxtGqtj5heHyB44PjV/HKsEmuQ==

"@esbuild/freebsd-x64@0.19.4":
  version "0.19.4"
  resolved "https://registry.yarnpkg.com/@esbuild/freebsd-x64/-/freebsd-x64-0.19.4.tgz#873edc0f73e83a82432460ea59bf568c1e90b268"
  integrity sha512-3sRbQ6W5kAiVQRBWREGJNd1YE7OgzS0AmOGjDmX/qZZecq8NFlQsQH0IfXjjmD0XtUYqr64e0EKNFjMUlPL3Cw==

"@esbuild/linux-arm64@0.19.4":
  version "0.19.4"
  resolved "https://registry.yarnpkg.com/@esbuild/linux-arm64/-/linux-arm64-0.19.4.tgz#659f2fa988d448dbf5010b5cc583be757cc1b914"
  integrity sha512-ZWmWORaPbsPwmyu7eIEATFlaqm0QGt+joRE9sKcnVUG3oBbr/KYdNE2TnkzdQwX6EDRdg/x8Q4EZQTXoClUqqA==

"@esbuild/linux-arm@0.19.4":
  version "0.19.4"
  resolved "https://registry.yarnpkg.com/@esbuild/linux-arm/-/linux-arm-0.19.4.tgz#d5b13a7ec1f1c655ce05c8d319b3950797baee55"
  integrity sha512-z/4ArqOo9EImzTi4b6Vq+pthLnepFzJ92BnofU1jgNlcVb+UqynVFdoXMCFreTK7FdhqAzH0vmdwW5373Hm9pg==

"@esbuild/linux-ia32@0.19.4":
  version "0.19.4"
  resolved "https://registry.yarnpkg.com/@esbuild/linux-ia32/-/linux-ia32-0.19.4.tgz#878cd8bf24c9847c77acdb5dd1b2ef6e4fa27a82"
  integrity sha512-EGc4vYM7i1GRUIMqRZNCTzJh25MHePYsnQfKDexD8uPTCm9mK56NIL04LUfX2aaJ+C9vyEp2fJ7jbqFEYgO9lQ==

"@esbuild/linux-loong64@0.19.4":
  version "0.19.4"
  resolved "https://registry.yarnpkg.com/@esbuild/linux-loong64/-/linux-loong64-0.19.4.tgz#df890499f6e566b7de3aa2361be6df2b8d5fa015"
  integrity sha512-WVhIKO26kmm8lPmNrUikxSpXcgd6HDog0cx12BUfA2PkmURHSgx9G6vA19lrlQOMw+UjMZ+l3PpbtzffCxFDRg==

"@esbuild/linux-mips64el@0.19.4":
  version "0.19.4"
  resolved "https://registry.yarnpkg.com/@esbuild/linux-mips64el/-/linux-mips64el-0.19.4.tgz#76eae4e88d2ce9f4f1b457e93892e802851b6807"
  integrity sha512-keYY+Hlj5w86hNp5JJPuZNbvW4jql7c1eXdBUHIJGTeN/+0QFutU3GrS+c27L+NTmzi73yhtojHk+lr2+502Mw==

"@esbuild/linux-ppc64@0.19.4":
  version "0.19.4"
  resolved "https://registry.yarnpkg.com/@esbuild/linux-ppc64/-/linux-ppc64-0.19.4.tgz#c49032f4abbcfa3f747b543a106931fe3dce41ff"
  integrity sha512-tQ92n0WMXyEsCH4m32S21fND8VxNiVazUbU4IUGVXQpWiaAxOBvtOtbEt3cXIV3GEBydYsY8pyeRMJx9kn3rvw==

"@esbuild/linux-riscv64@0.19.4":
  version "0.19.4"
  resolved "https://registry.yarnpkg.com/@esbuild/linux-riscv64/-/linux-riscv64-0.19.4.tgz#0f815a090772138503ee0465a747e16865bf94b1"
  integrity sha512-tRRBey6fG9tqGH6V75xH3lFPpj9E8BH+N+zjSUCnFOX93kEzqS0WdyJHkta/mmJHn7MBaa++9P4ARiU4ykjhig==

"@esbuild/linux-s390x@0.19.4":
  version "0.19.4"
  resolved "https://registry.yarnpkg.com/@esbuild/linux-s390x/-/linux-s390x-0.19.4.tgz#8d2cca20cd4e7c311fde8701d9f1042664f8b92b"
  integrity sha512-152aLpQqKZYhThiJ+uAM4PcuLCAOxDsCekIbnGzPKVBRUDlgaaAfaUl5NYkB1hgY6WN4sPkejxKlANgVcGl9Qg==

"@esbuild/linux-x64@0.19.4":
  version "0.19.4"
  resolved "https://registry.yarnpkg.com/@esbuild/linux-x64/-/linux-x64-0.19.4.tgz#f618bec2655de49bff91c588777e37b5e3169d4a"
  integrity sha512-Mi4aNA3rz1BNFtB7aGadMD0MavmzuuXNTaYL6/uiYIs08U7YMPETpgNn5oue3ICr+inKwItOwSsJDYkrE9ekVg==

"@esbuild/netbsd-x64@0.19.4":
  version "0.19.4"
  resolved "https://registry.yarnpkg.com/@esbuild/netbsd-x64/-/netbsd-x64-0.19.4.tgz#7889744ca4d60f1538d62382b95e90a49687cef2"
  integrity sha512-9+Wxx1i5N/CYo505CTT7T+ix4lVzEdz0uCoYGxM5JDVlP2YdDC1Bdz+Khv6IbqmisT0Si928eAxbmGkcbiuM/A==

"@esbuild/openbsd-x64@0.19.4":
  version "0.19.4"
  resolved "https://registry.yarnpkg.com/@esbuild/openbsd-x64/-/openbsd-x64-0.19.4.tgz#c3e436eb9271a423d2e8436fcb120e3fd90e2b01"
  integrity sha512-MFsHleM5/rWRW9EivFssop+OulYVUoVcqkyOkjiynKBCGBj9Lihl7kh9IzrreDyXa4sNkquei5/DTP4uCk25xw==

"@esbuild/sunos-x64@0.19.4":
  version "0.19.4"
  resolved "https://registry.yarnpkg.com/@esbuild/sunos-x64/-/sunos-x64-0.19.4.tgz#f63f5841ba8c8c1a1c840d073afc99b53e8ce740"
  integrity sha512-6Xq8SpK46yLvrGxjp6HftkDwPP49puU4OF0hEL4dTxqCbfx09LyrbUj/D7tmIRMj5D5FCUPksBbxyQhp8tmHzw==

"@esbuild/win32-arm64@0.19.4":
  version "0.19.4"
  resolved "https://registry.yarnpkg.com/@esbuild/win32-arm64/-/win32-arm64-0.19.4.tgz#80be69cec92da4da7781cf7a8351b95cc5a236b0"
  integrity sha512-PkIl7Jq4mP6ke7QKwyg4fD4Xvn8PXisagV/+HntWoDEdmerB2LTukRZg728Yd1Fj+LuEX75t/hKXE2Ppk8Hh1w==

"@esbuild/win32-ia32@0.19.4":
  version "0.19.4"
  resolved "https://registry.yarnpkg.com/@esbuild/win32-ia32/-/win32-ia32-0.19.4.tgz#15dc0ed83d2794872b05d8edc4a358fecf97eb54"
  integrity sha512-ga676Hnvw7/ycdKB53qPusvsKdwrWzEyJ+AtItHGoARszIqvjffTwaaW3b2L6l90i7MO9i+dlAW415INuRhSGg==

"@esbuild/win32-x64@0.19.4":
  version "0.19.4"
  resolved "https://registry.yarnpkg.com/@esbuild/win32-x64/-/win32-x64-0.19.4.tgz#d46a6e220a717f31f39ae80f49477cc3220be0f0"
  integrity sha512-HP0GDNla1T3ZL8Ko/SHAS2GgtjOg+VmWnnYLhuTksr++EnduYB0f3Y2LzHsUwb2iQ13JGoY6G3R8h6Du/WG6uA==

"@nativewrappers/client@^1.7.33":
  version "1.7.33"
  resolved "https://registry.yarnpkg.com/@nativewrappers/client/-/client-1.7.33.tgz#132f7fb8313ad3fd16c06b037f109c83f8a61267"
  integrity sha512-phuBBGdDPxZiZyw5CaFs1XWfvllnEtwATMdLaNucwMofVg/O/FjlP1bTUq4SOm4qhSZ4Zdo351ijHzBSIbZs6g==

"@nativewrappers/fivem-server@^0.0.20":
  version "0.0.20"
  resolved "https://registry.yarnpkg.com/@nativewrappers/fivem-server/-/fivem-server-0.0.20.tgz#fb5a548bc8277ae9abf7e558526ef40805064917"
  integrity sha512-u7Wm56NqIItqEKA3k2kRbCoxUJqSpBA+woIWBgewqmZTFSYg1cZRTgj2W1Q5huXZk2Yp0H25bHzn7w3c6Aj1xQ==

"@prisma/client@^4.8.0":
  version "4.16.2"
  resolved "https://registry.yarnpkg.com/@prisma/client/-/client-4.16.2.tgz#3bb9ebd49b35c8236b3d468d0215192267016e2b"
  integrity sha512-qCoEyxv1ZrQ4bKy39GnylE8Zq31IRmm8bNhNbZx7bF2cU5aiCCnSa93J2imF88MBjn7J9eUQneNxUQVJdl/rPQ==
  dependencies:
    "@prisma/engines-version" "4.16.1-1.4bc8b6e1b66cb932731fb1bdbbc550d1e010de81"

"@prisma/engines-version@4.16.1-1.4bc8b6e1b66cb932731fb1bdbbc550d1e010de81":
  version "4.16.1-1.4bc8b6e1b66cb932731fb1bdbbc550d1e010de81"
  resolved "https://registry.yarnpkg.com/@prisma/engines-version/-/engines-version-4.16.1-1.4bc8b6e1b66cb932731fb1bdbbc550d1e010de81.tgz#d3b5dcf95b6d220e258cbf6ae19b06d30a7e9f14"
  integrity sha512-q617EUWfRIDTriWADZ4YiWRZXCa/WuhNgLTVd+HqWLffjMSPzyM5uOWoauX91wvQClSKZU4pzI4JJLQ9Kl62Qg==

"@prisma/engines@4.16.2":
  version "4.16.2"
  resolved "https://registry.yarnpkg.com/@prisma/engines/-/engines-4.16.2.tgz#5ec8dd672c2173d597e469194916ad4826ce2e5f"
  integrity sha512-vx1nxVvN4QeT/cepQce68deh/Turxy5Mr+4L4zClFuK1GlxN3+ivxfuv+ej/gvidWn1cE1uAhW7ALLNlYbRUAw==

"@types/node@^20.8.2":
  version "20.8.2"
  resolved "https://registry.yarnpkg.com/@types/node/-/node-20.8.2.tgz#d76fb80d87d0d8abfe334fc6d292e83e5524efc4"
  integrity sha512-Vvycsc9FQdwhxE3y3DzeIxuEJbWGDsnrxvMADzTDF/lcdR9/K+AQIeAghTQsHtotg/q0j3WEOYS/jQgSdWue3w==

at-least-node@^1.0.0:
  version "1.0.0"
  resolved "https://registry.yarnpkg.com/at-least-node/-/at-least-node-1.0.0.tgz#602cd4b46e844ad4effc92a8011a3c46e0238dc2"
  integrity sha512-+q/t7Ekv1EDY2l6Gda6LLiX14rU9TV20Wa3ofeQmwPFZbOMo9DXrLbOjFaaclkXKWidIaopwAObQDqwWtGUjqg==

esbuild-plugin-fileloc@^0.0.6:
  version "0.0.6"
  resolved "https://registry.yarnpkg.com/esbuild-plugin-fileloc/-/esbuild-plugin-fileloc-0.0.6.tgz#146d9b4812912aecb3a7df8c4538525c10a4716e"
  integrity sha512-NfuXDBRDC9qeZ6bSr+FlBqOwtbe4uwkxYnrgyF5aA6LmMwUD1u0B8g8blq2kGB2xIf3x7lgUNq6K8pjlO8is/g==
  dependencies:
    fs-extra "^9.1.0"

esbuild@^0.19.4:
  version "0.19.4"
  resolved "https://registry.yarnpkg.com/esbuild/-/esbuild-0.19.4.tgz#cdf5c4c684956d550bc3c6d0c01dac7fef6c75b1"
  integrity sha512-x7jL0tbRRpv4QUyuDMjONtWFciygUxWaUM1kMX2zWxI0X2YWOt7MSA0g4UdeSiHM8fcYVzpQhKYOycZwxTdZkA==
  optionalDependencies:
    "@esbuild/android-arm" "0.19.4"
    "@esbuild/android-arm64" "0.19.4"
    "@esbuild/android-x64" "0.19.4"
    "@esbuild/darwin-arm64" "0.19.4"
    "@esbuild/darwin-x64" "0.19.4"
    "@esbuild/freebsd-arm64" "0.19.4"
    "@esbuild/freebsd-x64" "0.19.4"
    "@esbuild/linux-arm" "0.19.4"
    "@esbuild/linux-arm64" "0.19.4"
    "@esbuild/linux-ia32" "0.19.4"
    "@esbuild/linux-loong64" "0.19.4"
    "@esbuild/linux-mips64el" "0.19.4"
    "@esbuild/linux-ppc64" "0.19.4"
    "@esbuild/linux-riscv64" "0.19.4"
    "@esbuild/linux-s390x" "0.19.4"
    "@esbuild/linux-x64" "0.19.4"
    "@esbuild/netbsd-x64" "0.19.4"
    "@esbuild/openbsd-x64" "0.19.4"
    "@esbuild/sunos-x64" "0.19.4"
    "@esbuild/win32-arm64" "0.19.4"
    "@esbuild/win32-ia32" "0.19.4"
    "@esbuild/win32-x64" "0.19.4"

fs-extra@^9.1.0:
  version "9.1.0"
  resolved "https://registry.yarnpkg.com/fs-extra/-/fs-extra-9.1.0.tgz#5954460c764a8da2094ba3554bf839e6b9a7c86d"
  integrity sha512-hcg3ZmepS30/7BSFqRvoo3DOMQu7IjqxO5nCDt+zM9XWjb33Wg7ziNT+Qvqbuc3+gWpzO02JubVyk2G4Zvo1OQ==
  dependencies:
    at-least-node "^1.0.0"
    graceful-fs "^4.2.0"
    jsonfile "^6.0.1"
    universalify "^2.0.0"

graceful-fs@^4.1.6, graceful-fs@^4.2.0:
  version "4.2.11"
  resolved "https://registry.yarnpkg.com/graceful-fs/-/graceful-fs-4.2.11.tgz#4183e4e8bf08bb6e05bbb2f7d2e0c8f712ca40e3"
  integrity sha512-RbJ5/jmFcNNCcDV5o9eTnBLJ/HszWV0P73bc+Ff4nS/rJj+YaS6IGyiOL0VoBYX+l1Wrl3k63h/KrH+nhJ0XvQ==

jsonfile@^6.0.1:
  version "6.1.0"
  resolved "https://registry.yarnpkg.com/jsonfile/-/jsonfile-6.1.0.tgz#bc55b2634793c679ec6403094eb13698a6ec0aae"
  integrity sha512-5dgndWOriYSm5cnYaJNhalLNDKOqFwyDB/rr1E9ZsGciGvKPs8R2xYGCacuf3z6K1YKDz182fd+fY3cn3pMqXQ==
  dependencies:
    universalify "^2.0.0"
  optionalDependencies:
    graceful-fs "^4.1.6"

prisma@^4.8.0:
  version "4.16.2"
  resolved "https://registry.yarnpkg.com/prisma/-/prisma-4.16.2.tgz#469e0a0991c6ae5bcde289401726bb012253339e"
  integrity sha512-SYCsBvDf0/7XSJyf2cHTLjLeTLVXYfqp7pG5eEVafFLeT0u/hLFz/9W196nDRGUOo1JfPatAEb+uEnTQImQC1g==
  dependencies:
    "@prisma/engines" "4.16.2"

typescript@^5.2.2:
  version "5.2.2"
  resolved "https://registry.yarnpkg.com/typescript/-/typescript-5.2.2.tgz#5ebb5e5a5b75f085f22bc3f8460fba308310fa78"
  integrity sha512-mI4WrpHsbCIcwT9cF4FZvr80QUeKvsUsUvKDoR+X/7XHQH98xYD8YHZg7ANtz2GtZt/CBq2QJ0thkGJMHfqc1w==

universalify@^2.0.0:
  version "2.0.0"
  resolved "https://registry.yarnpkg.com/universalify/-/universalify-2.0.0.tgz#75a4984efedc4b08975c5aeb73f530d02df25717"
  integrity sha512-hAZsKq7Yy11Zu1DE0OzWjw7nnLZmJZYTDZZyEFHZdUhV8FkH5MCfoU1XMaxXovpyW5nq5scPqq0ZDP9Zyl04oQ==
